
Microsoft Visual Studio Solution File, Format Version 12.00
# Visual Studio 15
VisualStudioVersion = 15.0.27703.2047
MinimumVisualStudioVersion = 10.0.40219.1
Project("{9A19103F-16F7-4668-BE54-9A1E7A4F7556}") = "dotnet_example", "dotnet_example.csproj", "{ECBC70BF-53AB-40E3-810C-1E7D7029410C}"
EndProject
Global
	GlobalSection(SolutionConfigurationPlatforms) = preSolution
		Debug|Any CPU = Debug|Any CPU
		Release|Any CPU = Release|Any CPU
	EndGlobalSection
	GlobalSection(ProjectConfigurationPlatforms) = postSolution
		{ECBC70BF-53AB-40E3-810C-1E7D7029410C}.Debug|Any CPU.ActiveCfg = Debug|Any CPU
		{ECBC70BF-53AB-40E3-810C-1E7D7029410C}.Debug|Any CPU.Build.0 = Debug|Any CPU
		{ECBC70BF-53AB-40E3-810C-1E7D7029410C}.Release|Any CPU.ActiveCfg = Release|Any CPU
		{ECBC70BF-53AB-40E3-810C-1E7D7029410C}.Release|Any CPU.Build.0 = Release|Any CPU
	EndGlobalSection
	GlobalSection(SolutionProperties) = preSolution
		HideSolutionNode = FALSE
	EndGlobalSection
	GlobalSection(ExtensibilityGlobals) = postSolution
		SolutionGuid = {AD2F8540-181A-479E-B6E4-CB21743BFA7C}
	EndGlobalSection
EndGlobal
